
Microsoft Visual Studio Solution File, Format Version 12.00
# Visual Studio Version 17
VisualStudioVersion = 17.2.32526.322
MinimumVisualStudioVersion = 10.0.40219.1
Project("{FAE04EC0-301F-11D3-BF4B-00C04F79EFBC}") = "Training_Center_Task_5", "Training_Center_Task_5\Training_Center_Task_5.csproj", "{3596A446-171C-4BD6-9E63-35C836822C8F}"
EndProject
Project("{FAE04EC0-301F-11D3-BF4B-00C04F79EFBC}") = "Training_Center_Task_5_Test", "Training_Center_Task_5_Test\Training_Center_Task_5_Test.csproj", "{6EE9AE4E-5E62-45B1-9130-EDD936492AE8}"
EndProject
Project("{FAE04EC0-301F-11D3-BF4B-00C04F79EFBC}") = "TextListener", "TextListener\TextListener.csproj", "{CD0F33D5-FCAD-43AB-B586-FFF30AAE5635}"
EndProject
Project("{FAE04EC0-301F-11D3-BF4B-00C04F79EFBC}") = "WordListener", "WordListener\WordListener.csproj", "{95F74EF8-A0BF-4D55-B96C-F2ABBAA3EB39}"
EndProject
Project("{FAE04EC0-301F-11D3-BF4B-00C04F79EFBC}") = "EventLogListener", "EventLogListener\EventLogListener.csproj", "{7C3A1F02-7BF1-4565-94D0-649BA44F2D17}"
EndProject
Global
	GlobalSection(SolutionConfigurationPlatforms) = preSolution
		Debug|Any CPU = Debug|Any CPU
		Release|Any CPU = Release|Any CPU
	EndGlobalSection
	GlobalSection(ProjectConfigurationPlatforms) = postSolution
		{3596A446-171C-4BD6-9E63-35C836822C8F}.Debug|Any CPU.ActiveCfg = Debug|Any CPU
		{3596A446-171C-4BD6-9E63-35C836822C8F}.Debug|Any CPU.Build.0 = Debug|Any CPU
		{3596A446-171C-4BD6-9E63-35C836822C8F}.Release|Any CPU.ActiveCfg = Release|Any CPU
		{3596A446-171C-4BD6-9E63-35C836822C8F}.Release|Any CPU.Build.0 = Release|Any CPU
		{6EE9AE4E-5E62-45B1-9130-EDD936492AE8}.Debug|Any CPU.ActiveCfg = Debug|Any CPU
		{6EE9AE4E-5E62-45B1-9130-EDD936492AE8}.Debug|Any CPU.Build.0 = Debug|Any CPU
		{6EE9AE4E-5E62-45B1-9130-EDD936492AE8}.Release|Any CPU.ActiveCfg = Release|Any CPU
		{6EE9AE4E-5E62-45B1-9130-EDD936492AE8}.Release|Any CPU.Build.0 = Release|Any CPU
		{CD0F33D5-FCAD-43AB-B586-FFF30AAE5635}.Debug|Any CPU.ActiveCfg = Debug|Any CPU
		{CD0F33D5-FCAD-43AB-B586-FFF30AAE5635}.Debug|Any CPU.Build.0 = Debug|Any CPU
		{CD0F33D5-FCAD-43AB-B586-FFF30AAE5635}.Release|Any CPU.ActiveCfg = Release|Any CPU
		{CD0F33D5-FCAD-43AB-B586-FFF30AAE5635}.Release|Any CPU.Build.0 = Release|Any CPU
		{95F74EF8-A0BF-4D55-B96C-F2ABBAA3EB39}.Debug|Any CPU.ActiveCfg = Debug|Any CPU
		{95F74EF8-A0BF-4D55-B96C-F2ABBAA3EB39}.Debug|Any CPU.Build.0 = Debug|Any CPU
		{95F74EF8-A0BF-4D55-B96C-F2ABBAA3EB39}.Release|Any CPU.ActiveCfg = Release|Any CPU
		{95F74EF8-A0BF-4D55-B96C-F2ABBAA3EB39}.Release|Any CPU.Build.0 = Release|Any CPU
		{7C3A1F02-7BF1-4565-94D0-649BA44F2D17}.Debug|Any CPU.ActiveCfg = Debug|Any CPU
		{7C3A1F02-7BF1-4565-94D0-649BA44F2D17}.Debug|Any CPU.Build.0 = Debug|Any CPU
		{7C3A1F02-7BF1-4565-94D0-649BA44F2D17}.Release|Any CPU.ActiveCfg = Release|Any CPU
		{7C3A1F02-7BF1-4565-94D0-649BA44F2D17}.Release|Any CPU.Build.0 = Release|Any CPU
	EndGlobalSection
	GlobalSection(SolutionProperties) = preSolution
		HideSolutionNode = FALSE
	EndGlobalSection
	GlobalSection(ExtensibilityGlobals) = postSolution
		SolutionGuid = {BA14389A-4E15-40BF-9540-CBB71A0FBDFF}
	EndGlobalSection
EndGlobal
